
Microsoft Visual Studio Solution File, Format Version 12.00
# Visual Studio Version 17
VisualStudioVersion = 17.3.32825.248
MinimumVisualStudioVersion = 10.0.40219.1
Project("{FAE04EC0-301F-11D3-BF4B-00C04F79EFBC}") = "AzureFunctions", "AzureFunctions\AzureFunctions.csproj", "{A437E710-974E-463C-87C4-2C302CF49956}"
EndProject
Project("{FAE04EC0-301F-11D3-BF4B-00C04F79EFBC}") = "Shared", "Shared\Shared.csproj", "{C0950BAB-4341-4F19-9FD8-4E3B91A567C4}"
EndProject
Project("{FAE04EC0-301F-11D3-BF4B-00C04F79EFBC}") = "Device.IntelliFan", "Device.IntelliFan\Device.IntelliFan.csproj", "{9F7EC894-2545-422C-9702-B1110BE15A48}"
EndProject
Project("{FAE04EC0-301F-11D3-BF4B-00C04F79EFBC}") = "WpfShared", "WpfShared\WpfShared.csproj", "{F674093C-9C71-4966-B9D4-147358A6CF29}"
EndProject
Global
	GlobalSection(SolutionConfigurationPlatforms) = preSolution
		Debug|Any CPU = Debug|Any CPU
		Release|Any CPU = Release|Any CPU
	EndGlobalSection
	GlobalSection(ProjectConfigurationPlatforms) = postSolution
		{A437E710-974E-463C-87C4-2C302CF49956}.Debug|Any CPU.ActiveCfg = Debug|Any CPU
		{A437E710-974E-463C-87C4-2C302CF49956}.Debug|Any CPU.Build.0 = Debug|Any CPU
		{A437E710-974E-463C-87C4-2C302CF49956}.Release|Any CPU.ActiveCfg = Release|Any CPU
		{A437E710-974E-463C-87C4-2C302CF49956}.Release|Any CPU.Build.0 = Release|Any CPU
		{C0950BAB-4341-4F19-9FD8-4E3B91A567C4}.Debug|Any CPU.ActiveCfg = Debug|Any CPU
		{C0950BAB-4341-4F19-9FD8-4E3B91A567C4}.Debug|Any CPU.Build.0 = Debug|Any CPU
		{C0950BAB-4341-4F19-9FD8-4E3B91A567C4}.Release|Any CPU.ActiveCfg = Release|Any CPU
		{C0950BAB-4341-4F19-9FD8-4E3B91A567C4}.Release|Any CPU.Build.0 = Release|Any CPU
		{9F7EC894-2545-422C-9702-B1110BE15A48}.Debug|Any CPU.ActiveCfg = Debug|Any CPU
		{9F7EC894-2545-422C-9702-B1110BE15A48}.Debug|Any CPU.Build.0 = Debug|Any CPU
		{9F7EC894-2545-422C-9702-B1110BE15A48}.Release|Any CPU.ActiveCfg = Release|Any CPU
		{9F7EC894-2545-422C-9702-B1110BE15A48}.Release|Any CPU.Build.0 = Release|Any CPU
		{F674093C-9C71-4966-B9D4-147358A6CF29}.Debug|Any CPU.ActiveCfg = Debug|Any CPU
		{F674093C-9C71-4966-B9D4-147358A6CF29}.Debug|Any CPU.Build.0 = Debug|Any CPU
		{F674093C-9C71-4966-B9D4-147358A6CF29}.Release|Any CPU.ActiveCfg = Release|Any CPU
		{F674093C-9C71-4966-B9D4-147358A6CF29}.Release|Any CPU.Build.0 = Release|Any CPU
	EndGlobalSection
	GlobalSection(SolutionProperties) = preSolution
		HideSolutionNode = FALSE
	EndGlobalSection
	GlobalSection(ExtensibilityGlobals) = postSolution
		SolutionGuid = {5FCA615B-305A-4C48-BB5C-ED63564BAABC}
	EndGlobalSection
EndGlobal
