
Microsoft Visual Studio Solution File, Format Version 12.00
# Visual Studio Version 17
VisualStudioVersion = 17.3.32825.248
MinimumVisualStudioVersion = 10.0.40219.1
Project("{FAE04EC0-301F-11D3-BF4B-00C04F79EFBC}") = "Device.WPF", "Device.WPF\Device.WPF.csproj", "{24B928FA-0A77-4C7A-9ED3-12FDC6AA5A02}"
EndProject
Project("{FAE04EC0-301F-11D3-BF4B-00C04F79EFBC}") = "AzureFunctions", "AzureFunctions\AzureFunctions.csproj", "{5124DC83-7FE2-41CA-9DAC-046C9ED79035}"
EndProject
Global
	GlobalSection(SolutionConfigurationPlatforms) = preSolution
		Debug|Any CPU = Debug|Any CPU
		Release|Any CPU = Release|Any CPU
	EndGlobalSection
	GlobalSection(ProjectConfigurationPlatforms) = postSolution
		{24B928FA-0A77-4C7A-9ED3-12FDC6AA5A02}.Debug|Any CPU.ActiveCfg = Debug|Any CPU
		{24B928FA-0A77-4C7A-9ED3-12FDC6AA5A02}.Debug|Any CPU.Build.0 = Debug|Any CPU
		{24B928FA-0A77-4C7A-9ED3-12FDC6AA5A02}.Release|Any CPU.ActiveCfg = Release|Any CPU
		{24B928FA-0A77-4C7A-9ED3-12FDC6AA5A02}.Release|Any CPU.Build.0 = Release|Any CPU
		{5124DC83-7FE2-41CA-9DAC-046C9ED79035}.Debug|Any CPU.ActiveCfg = Debug|Any CPU
		{5124DC83-7FE2-41CA-9DAC-046C9ED79035}.Debug|Any CPU.Build.0 = Debug|Any CPU
		{5124DC83-7FE2-41CA-9DAC-046C9ED79035}.Release|Any CPU.ActiveCfg = Release|Any CPU
		{5124DC83-7FE2-41CA-9DAC-046C9ED79035}.Release|Any CPU.Build.0 = Release|Any CPU
	EndGlobalSection
	GlobalSection(SolutionProperties) = preSolution
		HideSolutionNode = FALSE
	EndGlobalSection
	GlobalSection(ExtensibilityGlobals) = postSolution
		SolutionGuid = {A65D1BE9-3837-4474-9C40-B2012FEF74E6}
	EndGlobalSection
EndGlobal
