
Microsoft Visual Studio Solution File, Format Version 12.00
# Visual Studio Version 17
VisualStudioVersion = 17.3.32825.248
MinimumVisualStudioVersion = 10.0.40219.1
Project("{FAE04EC0-301F-11D3-BF4B-00C04F79EFBC}") = "AzureFunctions", "AzureFunctions\AzureFunctions.csproj", "{44BC2378-4CA0-487F-822B-BEDAC2A9E885}"
EndProject
Project("{FAE04EC0-301F-11D3-BF4B-00C04F79EFBC}") = "ConsoleApp", "ConsoleApp\ConsoleApp.csproj", "{590C0C74-1503-453F-8AEE-66F742DBF4C8}"
EndProject
Global
	GlobalSection(SolutionConfigurationPlatforms) = preSolution
		Debug|Any CPU = Debug|Any CPU
		Release|Any CPU = Release|Any CPU
	EndGlobalSection
	GlobalSection(ProjectConfigurationPlatforms) = postSolution
		{44BC2378-4CA0-487F-822B-BEDAC2A9E885}.Debug|Any CPU.ActiveCfg = Debug|Any CPU
		{44BC2378-4CA0-487F-822B-BEDAC2A9E885}.Debug|Any CPU.Build.0 = Debug|Any CPU
		{44BC2378-4CA0-487F-822B-BEDAC2A9E885}.Release|Any CPU.ActiveCfg = Release|Any CPU
		{44BC2378-4CA0-487F-822B-BEDAC2A9E885}.Release|Any CPU.Build.0 = Release|Any CPU
		{590C0C74-1503-453F-8AEE-66F742DBF4C8}.Debug|Any CPU.ActiveCfg = Debug|Any CPU
		{590C0C74-1503-453F-8AEE-66F742DBF4C8}.Debug|Any CPU.Build.0 = Debug|Any CPU
		{590C0C74-1503-453F-8AEE-66F742DBF4C8}.Release|Any CPU.ActiveCfg = Release|Any CPU
		{590C0C74-1503-453F-8AEE-66F742DBF4C8}.Release|Any CPU.Build.0 = Release|Any CPU
	EndGlobalSection
	GlobalSection(SolutionProperties) = preSolution
		HideSolutionNode = FALSE
	EndGlobalSection
	GlobalSection(ExtensibilityGlobals) = postSolution
		SolutionGuid = {28A03F88-0F1E-40D1-84E7-55620E2B1001}
	EndGlobalSection
EndGlobal
