
Microsoft Visual Studio Solution File, Format Version 12.00
# Visual Studio Version 17
VisualStudioVersion = 17.3.32922.545
MinimumVisualStudioVersion = 10.0.40219.1
Project("{FAE04EC0-301F-11D3-BF4B-00C04F79EFBC}") = "GRPC.Server", "GRPC.Server\GRPC.Server.csproj", "{BE037CBA-74FE-431F-B63B-71AD0E2C389D}"
EndProject
Project("{FAE04EC0-301F-11D3-BF4B-00C04F79EFBC}") = "GRPC.Client", "GRPC.Client\GRPC.Client.csproj", "{64B85174-EBF4-47DC-96DE-50F1B99AB476}"
EndProject
Global
	GlobalSection(SolutionConfigurationPlatforms) = preSolution
		Debug|Any CPU = Debug|Any CPU
		Release|Any CPU = Release|Any CPU
	EndGlobalSection
	GlobalSection(ProjectConfigurationPlatforms) = postSolution
		{BE037CBA-74FE-431F-B63B-71AD0E2C389D}.Debug|Any CPU.ActiveCfg = Debug|Any CPU
		{BE037CBA-74FE-431F-B63B-71AD0E2C389D}.Debug|Any CPU.Build.0 = Debug|Any CPU
		{BE037CBA-74FE-431F-B63B-71AD0E2C389D}.Release|Any CPU.ActiveCfg = Release|Any CPU
		{BE037CBA-74FE-431F-B63B-71AD0E2C389D}.Release|Any CPU.Build.0 = Release|Any CPU
		{64B85174-EBF4-47DC-96DE-50F1B99AB476}.Debug|Any CPU.ActiveCfg = Debug|Any CPU
		{64B85174-EBF4-47DC-96DE-50F1B99AB476}.Debug|Any CPU.Build.0 = Debug|Any CPU
		{64B85174-EBF4-47DC-96DE-50F1B99AB476}.Release|Any CPU.ActiveCfg = Release|Any CPU
		{64B85174-EBF4-47DC-96DE-50F1B99AB476}.Release|Any CPU.Build.0 = Release|Any CPU
	EndGlobalSection
	GlobalSection(SolutionProperties) = preSolution
		HideSolutionNode = FALSE
	EndGlobalSection
	GlobalSection(ExtensibilityGlobals) = postSolution
		SolutionGuid = {A69D57C1-3A39-40CD-9C80-4F8D73274A9B}
	EndGlobalSection
EndGlobal
